
Microsoft Visual Studio Solution File, Format Version 12.00
# Visual Studio Version 17
VisualStudioVersion = 17.0.32112.339
MinimumVisualStudioVersion = 10.0.40219.1
Project("{FAE04EC0-301F-11D3-BF4B-00C04F79EFBC}") = "IntTask1", "IntTask1\IntTask1.csproj", "{F010DB52-D75A-451E-B5EE-54CC10BA38BC}"
EndProject
Project("{FAE04EC0-301F-11D3-BF4B-00C04F79EFBC}") = "TestCampus", "TestCampus\TestCampus.csproj", "{F70919AB-B30E-40BC-B59C-4EB3C63B5D06}"
EndProject
Global
	GlobalSection(SolutionConfigurationPlatforms) = preSolution
		Debug|Any CPU = Debug|Any CPU
		Release|Any CPU = Release|Any CPU
	EndGlobalSection
	GlobalSection(ProjectConfigurationPlatforms) = postSolution
		{F010DB52-D75A-451E-B5EE-54CC10BA38BC}.Debug|Any CPU.ActiveCfg = Debug|Any CPU
		{F010DB52-D75A-451E-B5EE-54CC10BA38BC}.Debug|Any CPU.Build.0 = Debug|Any CPU
		{F010DB52-D75A-451E-B5EE-54CC10BA38BC}.Release|Any CPU.ActiveCfg = Release|Any CPU
		{F010DB52-D75A-451E-B5EE-54CC10BA38BC}.Release|Any CPU.Build.0 = Release|Any CPU
		{F70919AB-B30E-40BC-B59C-4EB3C63B5D06}.Debug|Any CPU.ActiveCfg = Debug|Any CPU
		{F70919AB-B30E-40BC-B59C-4EB3C63B5D06}.Debug|Any CPU.Build.0 = Debug|Any CPU
		{F70919AB-B30E-40BC-B59C-4EB3C63B5D06}.Release|Any CPU.ActiveCfg = Release|Any CPU
		{F70919AB-B30E-40BC-B59C-4EB3C63B5D06}.Release|Any CPU.Build.0 = Release|Any CPU
	EndGlobalSection
	GlobalSection(SolutionProperties) = preSolution
		HideSolutionNode = FALSE
	EndGlobalSection
	GlobalSection(ExtensibilityGlobals) = postSolution
		SolutionGuid = {756C6112-4003-4E52-9206-A731B21F4BDE}
	EndGlobalSection
EndGlobal
